
Microsoft Visual Studio Solution File, Format Version 12.00
# Visual Studio Version 17
VisualStudioVersion = 17.5.002.0
MinimumVisualStudioVersion = 10.0.40219.1
Project("{2150E333-8FDC-42A3-9474-1A3956D46DE8}") = "10092024_exos", "10092024_exos", "{8075123C-2D6D-49E6-95B2-172AB24B1B09}"
EndProject
Project("{2150E333-8FDC-42A3-9474-1A3956D46DE8}") = "exos", "exos", "{BC7C4121-2EFF-47B3-A22D-694071DBB3B3}"
EndProject
Project("{9A19103F-16F7-4668-BE54-9A1E7A4F7556}") = "exo-1", "10092024_exos\exos\exo-1\exo-1.csproj", "{4B38F299-2149-4397-B9AF-AC834DD46CF6}"
EndProject
Global
	GlobalSection(SolutionConfigurationPlatforms) = preSolution
		Debug|Any CPU = Debug|Any CPU
		Release|Any CPU = Release|Any CPU
	EndGlobalSection
	GlobalSection(ProjectConfigurationPlatforms) = postSolution
		{4B38F299-2149-4397-B9AF-AC834DD46CF6}.Debug|Any CPU.ActiveCfg = Debug|Any CPU
		{4B38F299-2149-4397-B9AF-AC834DD46CF6}.Debug|Any CPU.Build.0 = Debug|Any CPU
		{4B38F299-2149-4397-B9AF-AC834DD46CF6}.Release|Any CPU.ActiveCfg = Release|Any CPU
		{4B38F299-2149-4397-B9AF-AC834DD46CF6}.Release|Any CPU.Build.0 = Release|Any CPU
	EndGlobalSection
	GlobalSection(SolutionProperties) = preSolution
		HideSolutionNode = FALSE
	EndGlobalSection
	GlobalSection(NestedProjects) = preSolution
		{BC7C4121-2EFF-47B3-A22D-694071DBB3B3} = {8075123C-2D6D-49E6-95B2-172AB24B1B09}
		{4B38F299-2149-4397-B9AF-AC834DD46CF6} = {BC7C4121-2EFF-47B3-A22D-694071DBB3B3}
	EndGlobalSection
	GlobalSection(ExtensibilityGlobals) = postSolution
		SolutionGuid = {9C6FD20F-75CB-4831-B47A-0D630F9F4AE5}
	EndGlobalSection
EndGlobal
